
Microsoft Visual Studio Solution File, Format Version 12.00
# Visual Studio Version 17
VisualStudioVersion = 17.9.34728.123
MinimumVisualStudioVersion = 10.0.40219.1
Project("{FAE04EC0-301F-11D3-BF4B-00C04F79EFBC}") = "aumentoSalarial", "aumentoSalarial\aumentoSalarial.csproj", "{C3609C07-A85C-44FF-A3A2-605473C7442A}"
EndProject
Global
	GlobalSection(SolutionConfigurationPlatforms) = preSolution
		Debug|Any CPU = Debug|Any CPU
		Release|Any CPU = Release|Any CPU
	EndGlobalSection
	GlobalSection(ProjectConfigurationPlatforms) = postSolution
		{C3609C07-A85C-44FF-A3A2-605473C7442A}.Debug|Any CPU.ActiveCfg = Debug|Any CPU
		{C3609C07-A85C-44FF-A3A2-605473C7442A}.Debug|Any CPU.Build.0 = Debug|Any CPU
		{C3609C07-A85C-44FF-A3A2-605473C7442A}.Release|Any CPU.ActiveCfg = Release|Any CPU
		{C3609C07-A85C-44FF-A3A2-605473C7442A}.Release|Any CPU.Build.0 = Release|Any CPU
	EndGlobalSection
	GlobalSection(SolutionProperties) = preSolution
		HideSolutionNode = FALSE
	EndGlobalSection
	GlobalSection(ExtensibilityGlobals) = postSolution
		SolutionGuid = {0644B8BC-B520-4570-99F7-85057DC5D826}
	EndGlobalSection
EndGlobal
